
Microsoft Visual Studio Solution File, Format Version 12.00
# Visual Studio Version 17
VisualStudioVersion = 17.10.35004.147
MinimumVisualStudioVersion = 10.0.40219.1
Project("{9A19103F-16F7-4668-BE54-9A1E7A4F7556}") = "InventoryManagementSystem.API", "InventoryManagementSystem.API\InventoryManagementSystem.API.csproj", "{24FB11BC-50DA-4E5F-9120-EBEAF33439AC}"
EndProject
Project("{9A19103F-16F7-4668-BE54-9A1E7A4F7556}") = "InventoryManagementSystem.Core", "InventoryManagementSystem.Core\InventoryManagementSystem.Core.csproj", "{C0D8AE15-6045-48E6-9DFD-873ACBDB6B1C}"
EndProject
Project("{9A19103F-16F7-4668-BE54-9A1E7A4F7556}") = "InventoryManagementSystem.Infrastructure", "InventoryManagementSystem.Infrastructure\InventoryManagementSystem.Infrastructure.csproj", "{7A0BB3C9-3A6B-41B5-B16A-88B9C79EDB6F}"
EndProject
Project("{9A19103F-16F7-4668-BE54-9A1E7A4F7556}") = "InventoryManagementSystem.Tests", "InventoryManagementSystem.Tests\InventoryManagementSystem.Tests.csproj", "{ACCB3730-6048-4212-A7E3-7D666FE04EDA}"
EndProject
Global
	GlobalSection(SolutionConfigurationPlatforms) = preSolution
		Debug|Any CPU = Debug|Any CPU
		Release|Any CPU = Release|Any CPU
	EndGlobalSection
	GlobalSection(ProjectConfigurationPlatforms) = postSolution
		{24FB11BC-50DA-4E5F-9120-EBEAF33439AC}.Debug|Any CPU.ActiveCfg = Debug|Any CPU
		{24FB11BC-50DA-4E5F-9120-EBEAF33439AC}.Debug|Any CPU.Build.0 = Debug|Any CPU
		{24FB11BC-50DA-4E5F-9120-EBEAF33439AC}.Release|Any CPU.ActiveCfg = Release|Any CPU
		{24FB11BC-50DA-4E5F-9120-EBEAF33439AC}.Release|Any CPU.Build.0 = Release|Any CPU
		{C0D8AE15-6045-48E6-9DFD-873ACBDB6B1C}.Debug|Any CPU.ActiveCfg = Debug|Any CPU
		{C0D8AE15-6045-48E6-9DFD-873ACBDB6B1C}.Debug|Any CPU.Build.0 = Debug|Any CPU
		{C0D8AE15-6045-48E6-9DFD-873ACBDB6B1C}.Release|Any CPU.ActiveCfg = Release|Any CPU
		{C0D8AE15-6045-48E6-9DFD-873ACBDB6B1C}.Release|Any CPU.Build.0 = Release|Any CPU
		{7A0BB3C9-3A6B-41B5-B16A-88B9C79EDB6F}.Debug|Any CPU.ActiveCfg = Debug|Any CPU
		{7A0BB3C9-3A6B-41B5-B16A-88B9C79EDB6F}.Debug|Any CPU.Build.0 = Debug|Any CPU
		{7A0BB3C9-3A6B-41B5-B16A-88B9C79EDB6F}.Release|Any CPU.ActiveCfg = Release|Any CPU
		{7A0BB3C9-3A6B-41B5-B16A-88B9C79EDB6F}.Release|Any CPU.Build.0 = Release|Any CPU
		{ACCB3730-6048-4212-A7E3-7D666FE04EDA}.Debug|Any CPU.ActiveCfg = Debug|Any CPU
		{ACCB3730-6048-4212-A7E3-7D666FE04EDA}.Debug|Any CPU.Build.0 = Debug|Any CPU
		{ACCB3730-6048-4212-A7E3-7D666FE04EDA}.Release|Any CPU.ActiveCfg = Release|Any CPU
		{ACCB3730-6048-4212-A7E3-7D666FE04EDA}.Release|Any CPU.Build.0 = Release|Any CPU
	EndGlobalSection
	GlobalSection(SolutionProperties) = preSolution
		HideSolutionNode = FALSE
	EndGlobalSection
	GlobalSection(ExtensibilityGlobals) = postSolution
		SolutionGuid = {D30FB009-388C-4B26-A3CA-087F454E61F6}
	EndGlobalSection
EndGlobal
